
Microsoft Visual Studio Solution File, Format Version 12.00
# Visual Studio Version 16
VisualStudioVersion = 16.0.30804.86
MinimumVisualStudioVersion = 10.0.40219.1
Project("{FAE04EC0-301F-11D3-BF4B-00C04F79EFBC}") = "MTManga.UWP", "MTManga.UWP\MTManga.UWP.csproj", "{F836CC6B-BAD9-421E-9EDC-6FECA6E7FDCE}"
EndProject
Project("{FAE04EC0-301F-11D3-BF4B-00C04F79EFBC}") = "MT.UWP.ControlLib", "MT.UWP.ControlLib\MT.UWP.ControlLib.csproj", "{13350C1E-3021-4801-92D3-70A94136DA28}"
EndProject
Project("{FAE04EC0-301F-11D3-BF4B-00C04F79EFBC}") = "MT.MVVM.Core", "MT.MVVM.Core\MT.MVVM.Core.csproj", "{0AE6E2D3-FE2F-4962-B787-AC54CC1929FD}"
EndProject
Project("{FAE04EC0-301F-11D3-BF4B-00C04F79EFBC}") = "MT.UWP.Common", "MT.UWP.Common\MT.UWP.Common.csproj", "{FB133DD1-E286-456D-82C3-D978CAB408F1}"
EndProject
Project("{FAE04EC0-301F-11D3-BF4B-00C04F79EFBC}") = "Core.Test", "Core.Test\Core.Test.csproj", "{9B9D4378-C358-4D20-BD5C-CA22EEEC15AA}"
EndProject
Project("{FAE04EC0-301F-11D3-BF4B-00C04F79EFBC}") = "MTManga.Core", "MTManga.Core\MTManga.Core.csproj", "{03326492-23A6-4257-8FF5-A1117F95FDDB}"
EndProject
Global
	GlobalSection(SolutionConfigurationPlatforms) = preSolution
		Debug|Any CPU = Debug|Any CPU
		Debug|ARM = Debug|ARM
		Debug|ARM64 = Debug|ARM64
		Debug|x64 = Debug|x64
		Debug|x86 = Debug|x86
		Release|Any CPU = Release|Any CPU
		Release|ARM = Release|ARM
		Release|ARM64 = Release|ARM64
		Release|x64 = Release|x64
		Release|x86 = Release|x86
	EndGlobalSection
	GlobalSection(ProjectConfigurationPlatforms) = postSolution
		{F836CC6B-BAD9-421E-9EDC-6FECA6E7FDCE}.Debug|Any CPU.ActiveCfg = Debug|x86
		{F836CC6B-BAD9-421E-9EDC-6FECA6E7FDCE}.Debug|ARM.ActiveCfg = Debug|ARM
		{F836CC6B-BAD9-421E-9EDC-6FECA6E7FDCE}.Debug|ARM.Build.0 = Debug|ARM
		{F836CC6B-BAD9-421E-9EDC-6FECA6E7FDCE}.Debug|ARM.Deploy.0 = Debug|ARM
		{F836CC6B-BAD9-421E-9EDC-6FECA6E7FDCE}.Debug|ARM64.ActiveCfg = Debug|ARM64
		{F836CC6B-BAD9-421E-9EDC-6FECA6E7FDCE}.Debug|ARM64.Build.0 = Debug|ARM64
		{F836CC6B-BAD9-421E-9EDC-6FECA6E7FDCE}.Debug|ARM64.Deploy.0 = Debug|ARM64
		{F836CC6B-BAD9-421E-9EDC-6FECA6E7FDCE}.Debug|x64.ActiveCfg = Debug|x64
		{F836CC6B-BAD9-421E-9EDC-6FECA6E7FDCE}.Debug|x64.Build.0 = Debug|x64
		{F836CC6B-BAD9-421E-9EDC-6FECA6E7FDCE}.Debug|x64.Deploy.0 = Debug|x64
		{F836CC6B-BAD9-421E-9EDC-6FECA6E7FDCE}.Debug|x86.ActiveCfg = Debug|x86
		{F836CC6B-BAD9-421E-9EDC-6FECA6E7FDCE}.Debug|x86.Build.0 = Debug|x86
		{F836CC6B-BAD9-421E-9EDC-6FECA6E7FDCE}.Debug|x86.Deploy.0 = Debug|x86
		{F836CC6B-BAD9-421E-9EDC-6FECA6E7FDCE}.Release|Any CPU.ActiveCfg = Release|x86
		{F836CC6B-BAD9-421E-9EDC-6FECA6E7FDCE}.Release|ARM.ActiveCfg = Release|ARM
		{F836CC6B-BAD9-421E-9EDC-6FECA6E7FDCE}.Release|ARM.Build.0 = Release|ARM
		{F836CC6B-BAD9-421E-9EDC-6FECA6E7FDCE}.Release|ARM.Deploy.0 = Release|ARM
		{F836CC6B-BAD9-421E-9EDC-6FECA6E7FDCE}.Release|ARM64.ActiveCfg = Release|ARM64
		{F836CC6B-BAD9-421E-9EDC-6FECA6E7FDCE}.Release|ARM64.Build.0 = Release|ARM64
		{F836CC6B-BAD9-421E-9EDC-6FECA6E7FDCE}.Release|ARM64.Deploy.0 = Release|ARM64
		{F836CC6B-BAD9-421E-9EDC-6FECA6E7FDCE}.Release|x64.ActiveCfg = Release|x64
		{F836CC6B-BAD9-421E-9EDC-6FECA6E7FDCE}.Release|x64.Build.0 = Release|x64
		{F836CC6B-BAD9-421E-9EDC-6FECA6E7FDCE}.Release|x64.Deploy.0 = Release|x64
		{F836CC6B-BAD9-421E-9EDC-6FECA6E7FDCE}.Release|x86.ActiveCfg = Release|x86
		{F836CC6B-BAD9-421E-9EDC-6FECA6E7FDCE}.Release|x86.Build.0 = Release|x86
		{F836CC6B-BAD9-421E-9EDC-6FECA6E7FDCE}.Release|x86.Deploy.0 = Release|x86
		{13350C1E-3021-4801-92D3-70A94136DA28}.Debug|Any CPU.ActiveCfg = Debug|Any CPU
		{13350C1E-3021-4801-92D3-70A94136DA28}.Debug|Any CPU.Build.0 = Debug|Any CPU
		{13350C1E-3021-4801-92D3-70A94136DA28}.Debug|ARM.ActiveCfg = Debug|ARM
		{13350C1E-3021-4801-92D3-70A94136DA28}.Debug|ARM.Build.0 = Debug|ARM
		{13350C1E-3021-4801-92D3-70A94136DA28}.Debug|ARM64.ActiveCfg = Debug|ARM64
		{13350C1E-3021-4801-92D3-70A94136DA28}.Debug|ARM64.Build.0 = Debug|ARM64
		{13350C1E-3021-4801-92D3-70A94136DA28}.Debug|x64.ActiveCfg = Debug|x64
		{13350C1E-3021-4801-92D3-70A94136DA28}.Debug|x64.Build.0 = Debug|x64
		{13350C1E-3021-4801-92D3-70A94136DA28}.Debug|x86.ActiveCfg = Debug|x86
		{13350C1E-3021-4801-92D3-70A94136DA28}.Debug|x86.Build.0 = Debug|x86
		{13350C1E-3021-4801-92D3-70A94136DA28}.Release|Any CPU.ActiveCfg = Release|Any CPU
		{13350C1E-3021-4801-92D3-70A94136DA28}.Release|Any CPU.Build.0 = Release|Any CPU
		{13350C1E-3021-4801-92D3-70A94136DA28}.Release|ARM.ActiveCfg = Release|ARM
		{13350C1E-3021-4801-92D3-70A94136DA28}.Release|ARM.Build.0 = Release|ARM
		{13350C1E-3021-4801-92D3-70A94136DA28}.Release|ARM64.ActiveCfg = Release|ARM64
		{13350C1E-3021-4801-92D3-70A94136DA28}.Release|ARM64.Build.0 = Release|ARM64
		{13350C1E-3021-4801-92D3-70A94136DA28}.Release|x64.ActiveCfg = Release|x64
		{13350C1E-3021-4801-92D3-70A94136DA28}.Release|x64.Build.0 = Release|x64
		{13350C1E-3021-4801-92D3-70A94136DA28}.Release|x86.ActiveCfg = Release|x86
		{13350C1E-3021-4801-92D3-70A94136DA28}.Release|x86.Build.0 = Release|x86
		{0AE6E2D3-FE2F-4962-B787-AC54CC1929FD}.Debug|Any CPU.ActiveCfg = Debug|Any CPU
		{0AE6E2D3-FE2F-4962-B787-AC54CC1929FD}.Debug|Any CPU.Build.0 = Debug|Any CPU
		{0AE6E2D3-FE2F-4962-B787-AC54CC1929FD}.Debug|ARM.ActiveCfg = Debug|ARM
		{0AE6E2D3-FE2F-4962-B787-AC54CC1929FD}.Debug|ARM.Build.0 = Debug|ARM
		{0AE6E2D3-FE2F-4962-B787-AC54CC1929FD}.Debug|ARM64.ActiveCfg = Debug|ARM64
		{0AE6E2D3-FE2F-4962-B787-AC54CC1929FD}.Debug|ARM64.Build.0 = Debug|ARM64
		{0AE6E2D3-FE2F-4962-B787-AC54CC1929FD}.Debug|x64.ActiveCfg = Debug|x64
		{0AE6E2D3-FE2F-4962-B787-AC54CC1929FD}.Debug|x64.Build.0 = Debug|x64
		{0AE6E2D3-FE2F-4962-B787-AC54CC1929FD}.Debug|x86.ActiveCfg = Debug|x86
		{0AE6E2D3-FE2F-4962-B787-AC54CC1929FD}.Debug|x86.Build.0 = Debug|x86
		{0AE6E2D3-FE2F-4962-B787-AC54CC1929FD}.Release|Any CPU.ActiveCfg = Release|Any CPU
		{0AE6E2D3-FE2F-4962-B787-AC54CC1929FD}.Release|Any CPU.Build.0 = Release|Any CPU
		{0AE6E2D3-FE2F-4962-B787-AC54CC1929FD}.Release|ARM.ActiveCfg = Release|ARM
		{0AE6E2D3-FE2F-4962-B787-AC54CC1929FD}.Release|ARM.Build.0 = Release|ARM
		{0AE6E2D3-FE2F-4962-B787-AC54CC1929FD}.Release|ARM64.ActiveCfg = Release|ARM64
		{0AE6E2D3-FE2F-4962-B787-AC54CC1929FD}.Release|ARM64.Build.0 = Release|ARM64
		{0AE6E2D3-FE2F-4962-B787-AC54CC1929FD}.Release|x64.ActiveCfg = Release|x64
		{0AE6E2D3-FE2F-4962-B787-AC54CC1929FD}.Release|x64.Build.0 = Release|x64
		{0AE6E2D3-FE2F-4962-B787-AC54CC1929FD}.Release|x86.ActiveCfg = Release|x86
		{0AE6E2D3-FE2F-4962-B787-AC54CC1929FD}.Release|x86.Build.0 = Release|x86
		{FB133DD1-E286-456D-82C3-D978CAB408F1}.Debug|Any CPU.ActiveCfg = Debug|Any CPU
		{FB133DD1-E286-456D-82C3-D978CAB408F1}.Debug|Any CPU.Build.0 = Debug|Any CPU
		{FB133DD1-E286-456D-82C3-D978CAB408F1}.Debug|ARM.ActiveCfg = Debug|ARM
		{FB133DD1-E286-456D-82C3-D978CAB408F1}.Debug|ARM.Build.0 = Debug|ARM
		{FB133DD1-E286-456D-82C3-D978CAB408F1}.Debug|ARM64.ActiveCfg = Debug|ARM64
		{FB133DD1-E286-456D-82C3-D978CAB408F1}.Debug|ARM64.Build.0 = Debug|ARM64
		{FB133DD1-E286-456D-82C3-D978CAB408F1}.Debug|x64.ActiveCfg = Debug|x64
		{FB133DD1-E286-456D-82C3-D978CAB408F1}.Debug|x64.Build.0 = Debug|x64
		{FB133DD1-E286-456D-82C3-D978CAB408F1}.Debug|x86.ActiveCfg = Debug|x86
		{FB133DD1-E286-456D-82C3-D978CAB408F1}.Debug|x86.Build.0 = Debug|x86
		{FB133DD1-E286-456D-82C3-D978CAB408F1}.Release|Any CPU.ActiveCfg = Release|Any CPU
		{FB133DD1-E286-456D-82C3-D978CAB408F1}.Release|Any CPU.Build.0 = Release|Any CPU
		{FB133DD1-E286-456D-82C3-D978CAB408F1}.Release|ARM.ActiveCfg = Release|ARM
		{FB133DD1-E286-456D-82C3-D978CAB408F1}.Release|ARM.Build.0 = Release|ARM
		{FB133DD1-E286-456D-82C3-D978CAB408F1}.Release|ARM64.ActiveCfg = Release|ARM64
		{FB133DD1-E286-456D-82C3-D978CAB408F1}.Release|ARM64.Build.0 = Release|ARM64
		{FB133DD1-E286-456D-82C3-D978CAB408F1}.Release|x64.ActiveCfg = Release|x64
		{FB133DD1-E286-456D-82C3-D978CAB408F1}.Release|x64.Build.0 = Release|x64
		{FB133DD1-E286-456D-82C3-D978CAB408F1}.Release|x86.ActiveCfg = Release|x86
		{FB133DD1-E286-456D-82C3-D978CAB408F1}.Release|x86.Build.0 = Release|x86
		{9B9D4378-C358-4D20-BD5C-CA22EEEC15AA}.Debug|Any CPU.ActiveCfg = Debug|x86
		{9B9D4378-C358-4D20-BD5C-CA22EEEC15AA}.Debug|ARM.ActiveCfg = Debug|ARM
		{9B9D4378-C358-4D20-BD5C-CA22EEEC15AA}.Debug|ARM.Build.0 = Debug|ARM
		{9B9D4378-C358-4D20-BD5C-CA22EEEC15AA}.Debug|ARM.Deploy.0 = Debug|ARM
		{9B9D4378-C358-4D20-BD5C-CA22EEEC15AA}.Debug|ARM64.ActiveCfg = Debug|ARM64
		{9B9D4378-C358-4D20-BD5C-CA22EEEC15AA}.Debug|ARM64.Build.0 = Debug|ARM64
		{9B9D4378-C358-4D20-BD5C-CA22EEEC15AA}.Debug|ARM64.Deploy.0 = Debug|ARM64
		{9B9D4378-C358-4D20-BD5C-CA22EEEC15AA}.Debug|x64.ActiveCfg = Debug|x64
		{9B9D4378-C358-4D20-BD5C-CA22EEEC15AA}.Debug|x64.Build.0 = Debug|x64
		{9B9D4378-C358-4D20-BD5C-CA22EEEC15AA}.Debug|x64.Deploy.0 = Debug|x64
		{9B9D4378-C358-4D20-BD5C-CA22EEEC15AA}.Debug|x86.ActiveCfg = Debug|x86
		{9B9D4378-C358-4D20-BD5C-CA22EEEC15AA}.Debug|x86.Build.0 = Debug|x86
		{9B9D4378-C358-4D20-BD5C-CA22EEEC15AA}.Debug|x86.Deploy.0 = Debug|x86
		{9B9D4378-C358-4D20-BD5C-CA22EEEC15AA}.Release|Any CPU.ActiveCfg = Release|x86
		{9B9D4378-C358-4D20-BD5C-CA22EEEC15AA}.Release|ARM.ActiveCfg = Release|ARM
		{9B9D4378-C358-4D20-BD5C-CA22EEEC15AA}.Release|ARM.Build.0 = Release|ARM
		{9B9D4378-C358-4D20-BD5C-CA22EEEC15AA}.Release|ARM.Deploy.0 = Release|ARM
		{9B9D4378-C358-4D20-BD5C-CA22EEEC15AA}.Release|ARM64.ActiveCfg = Release|ARM64
		{9B9D4378-C358-4D20-BD5C-CA22EEEC15AA}.Release|ARM64.Build.0 = Release|ARM64
		{9B9D4378-C358-4D20-BD5C-CA22EEEC15AA}.Release|ARM64.Deploy.0 = Release|ARM64
		{9B9D4378-C358-4D20-BD5C-CA22EEEC15AA}.Release|x64.ActiveCfg = Release|x64
		{9B9D4378-C358-4D20-BD5C-CA22EEEC15AA}.Release|x64.Build.0 = Release|x64
		{9B9D4378-C358-4D20-BD5C-CA22EEEC15AA}.Release|x64.Deploy.0 = Release|x64
		{9B9D4378-C358-4D20-BD5C-CA22EEEC15AA}.Release|x86.ActiveCfg = Release|x86
		{9B9D4378-C358-4D20-BD5C-CA22EEEC15AA}.Release|x86.Build.0 = Release|x86
		{9B9D4378-C358-4D20-BD5C-CA22EEEC15AA}.Release|x86.Deploy.0 = Release|x86
		{03326492-23A6-4257-8FF5-A1117F95FDDB}.Debug|Any CPU.ActiveCfg = Debug|Any CPU
		{03326492-23A6-4257-8FF5-A1117F95FDDB}.Debug|Any CPU.Build.0 = Debug|Any CPU
		{03326492-23A6-4257-8FF5-A1117F95FDDB}.Debug|ARM.ActiveCfg = Debug|ARM
		{03326492-23A6-4257-8FF5-A1117F95FDDB}.Debug|ARM.Build.0 = Debug|ARM
		{03326492-23A6-4257-8FF5-A1117F95FDDB}.Debug|ARM64.ActiveCfg = Debug|ARM64
		{03326492-23A6-4257-8FF5-A1117F95FDDB}.Debug|ARM64.Build.0 = Debug|ARM64
		{03326492-23A6-4257-8FF5-A1117F95FDDB}.Debug|x64.ActiveCfg = Debug|x64
		{03326492-23A6-4257-8FF5-A1117F95FDDB}.Debug|x64.Build.0 = Debug|x64
		{03326492-23A6-4257-8FF5-A1117F95FDDB}.Debug|x86.ActiveCfg = Debug|x86
		{03326492-23A6-4257-8FF5-A1117F95FDDB}.Debug|x86.Build.0 = Debug|x86
		{03326492-23A6-4257-8FF5-A1117F95FDDB}.Release|Any CPU.ActiveCfg = Release|Any CPU
		{03326492-23A6-4257-8FF5-A1117F95FDDB}.Release|Any CPU.Build.0 = Release|Any CPU
		{03326492-23A6-4257-8FF5-A1117F95FDDB}.Release|ARM.ActiveCfg = Release|ARM
		{03326492-23A6-4257-8FF5-A1117F95FDDB}.Release|ARM.Build.0 = Release|ARM
		{03326492-23A6-4257-8FF5-A1117F95FDDB}.Release|ARM64.ActiveCfg = Release|ARM64
		{03326492-23A6-4257-8FF5-A1117F95FDDB}.Release|ARM64.Build.0 = Release|ARM64
		{03326492-23A6-4257-8FF5-A1117F95FDDB}.Release|x64.ActiveCfg = Release|x64
		{03326492-23A6-4257-8FF5-A1117F95FDDB}.Release|x64.Build.0 = Release|x64
		{03326492-23A6-4257-8FF5-A1117F95FDDB}.Release|x86.ActiveCfg = Release|x86
		{03326492-23A6-4257-8FF5-A1117F95FDDB}.Release|x86.Build.0 = Release|x86
	EndGlobalSection
	GlobalSection(SolutionProperties) = preSolution
		HideSolutionNode = FALSE
	EndGlobalSection
	GlobalSection(ExtensibilityGlobals) = postSolution
		SolutionGuid = {A642E97F-7C30-4FA7-AE95-405DB7A03C84}
	EndGlobalSection
EndGlobal
